
Microsoft Visual Studio Solution File, Format Version 12.00
# Visual Studio Version 16
VisualStudioVersion = 16.0.29911.84
MinimumVisualStudioVersion = 10.0.40219.1
Project("{2150E333-8FDC-42A3-9474-1A3956D46DE8}") = "src", "src", "{99E2E88C-67B8-4148-A406-1B4F4A8A98DA}"
EndProject
Project("{2150E333-8FDC-42A3-9474-1A3956D46DE8}") = "tests", "tests", "{10374FF1-BA7E-4108-91E7-9BB67D9BDD70}"
EndProject
Project("{2150E333-8FDC-42A3-9474-1A3956D46DE8}") = "core", "core", "{A281748D-C6AC-4CB4-BA6A-54D45317CA47}"
EndProject
Project("{2150E333-8FDC-42A3-9474-1A3956D46DE8}") = "clients", "clients", "{5B32103E-EC77-40D2-99CC-5DE9C8299C41}"
EndProject
Project("{9A19103F-16F7-4668-BE54-9A1E7A4F7556}") = "Exam.Domain", "Src\Core\Domain\Exam.Domain.csproj", "{70B4DE17-C364-468C-8637-3AC3CA5107F5}"
EndProject
Project("{9A19103F-16F7-4668-BE54-9A1E7A4F7556}") = "Exam.Application", "Src\Core\Application\Exam.Application.csproj", "{F0B6131C-BEC7-4C50-B6B1-252846C2CCA0}"
EndProject
Project("{9A19103F-16F7-4668-BE54-9A1E7A4F7556}") = "Exam.Infrastructure", "Src\Infrastructure\Exam.Infrastructure.csproj", "{2094A04E-4CA0-4FF3-9E19-FB0A9F88F3B9}"
EndProject
Project("{9A19103F-16F7-4668-BE54-9A1E7A4F7556}") = "Exam.Persistence", "Src\Persistence\Exam.Persistence.csproj", "{498657F6-2A48-4721-AE4D-43814071C472}"
EndProject
Project("{9A19103F-16F7-4668-BE54-9A1E7A4F7556}") = "Exam.Clients.WebApi", "Src\Clients\WebAPI\Exam.Clients.WebApi.csproj", "{9CA5C67C-BE40-479E-9073-13112F7AB732}"
EndProject
Project("{9A19103F-16F7-4668-BE54-9A1E7A4F7556}") = "Exam.Clients.WebUI", "Src\Clients\WebUI\Exam.Clients.WebUI.csproj", "{34335F88-1E4F-493B-B66B-F707E2EC98AD}"
EndProject
Global
	GlobalSection(SolutionConfigurationPlatforms) = preSolution
		Debug|Any CPU = Debug|Any CPU
		Release|Any CPU = Release|Any CPU
	EndGlobalSection
	GlobalSection(ProjectConfigurationPlatforms) = postSolution
		{70B4DE17-C364-468C-8637-3AC3CA5107F5}.Debug|Any CPU.ActiveCfg = Debug|Any CPU
		{70B4DE17-C364-468C-8637-3AC3CA5107F5}.Debug|Any CPU.Build.0 = Debug|Any CPU
		{70B4DE17-C364-468C-8637-3AC3CA5107F5}.Release|Any CPU.ActiveCfg = Release|Any CPU
		{70B4DE17-C364-468C-8637-3AC3CA5107F5}.Release|Any CPU.Build.0 = Release|Any CPU
		{F0B6131C-BEC7-4C50-B6B1-252846C2CCA0}.Debug|Any CPU.ActiveCfg = Debug|Any CPU
		{F0B6131C-BEC7-4C50-B6B1-252846C2CCA0}.Debug|Any CPU.Build.0 = Debug|Any CPU
		{F0B6131C-BEC7-4C50-B6B1-252846C2CCA0}.Release|Any CPU.ActiveCfg = Release|Any CPU
		{F0B6131C-BEC7-4C50-B6B1-252846C2CCA0}.Release|Any CPU.Build.0 = Release|Any CPU
		{2094A04E-4CA0-4FF3-9E19-FB0A9F88F3B9}.Debug|Any CPU.ActiveCfg = Debug|Any CPU
		{2094A04E-4CA0-4FF3-9E19-FB0A9F88F3B9}.Debug|Any CPU.Build.0 = Debug|Any CPU
		{2094A04E-4CA0-4FF3-9E19-FB0A9F88F3B9}.Release|Any CPU.ActiveCfg = Release|Any CPU
		{2094A04E-4CA0-4FF3-9E19-FB0A9F88F3B9}.Release|Any CPU.Build.0 = Release|Any CPU
		{498657F6-2A48-4721-AE4D-43814071C472}.Debug|Any CPU.ActiveCfg = Debug|Any CPU
		{498657F6-2A48-4721-AE4D-43814071C472}.Debug|Any CPU.Build.0 = Debug|Any CPU
		{498657F6-2A48-4721-AE4D-43814071C472}.Release|Any CPU.ActiveCfg = Release|Any CPU
		{498657F6-2A48-4721-AE4D-43814071C472}.Release|Any CPU.Build.0 = Release|Any CPU
		{9CA5C67C-BE40-479E-9073-13112F7AB732}.Debug|Any CPU.ActiveCfg = Debug|Any CPU
		{9CA5C67C-BE40-479E-9073-13112F7AB732}.Debug|Any CPU.Build.0 = Debug|Any CPU
		{9CA5C67C-BE40-479E-9073-13112F7AB732}.Release|Any CPU.ActiveCfg = Release|Any CPU
		{9CA5C67C-BE40-479E-9073-13112F7AB732}.Release|Any CPU.Build.0 = Release|Any CPU
		{34335F88-1E4F-493B-B66B-F707E2EC98AD}.Debug|Any CPU.ActiveCfg = Debug|Any CPU
		{34335F88-1E4F-493B-B66B-F707E2EC98AD}.Debug|Any CPU.Build.0 = Debug|Any CPU
		{34335F88-1E4F-493B-B66B-F707E2EC98AD}.Release|Any CPU.ActiveCfg = Release|Any CPU
		{34335F88-1E4F-493B-B66B-F707E2EC98AD}.Release|Any CPU.Build.0 = Release|Any CPU
	EndGlobalSection
	GlobalSection(SolutionProperties) = preSolution
		HideSolutionNode = FALSE
	EndGlobalSection
	GlobalSection(NestedProjects) = preSolution
		{A281748D-C6AC-4CB4-BA6A-54D45317CA47} = {99E2E88C-67B8-4148-A406-1B4F4A8A98DA}
		{5B32103E-EC77-40D2-99CC-5DE9C8299C41} = {99E2E88C-67B8-4148-A406-1B4F4A8A98DA}
		{70B4DE17-C364-468C-8637-3AC3CA5107F5} = {A281748D-C6AC-4CB4-BA6A-54D45317CA47}
		{F0B6131C-BEC7-4C50-B6B1-252846C2CCA0} = {A281748D-C6AC-4CB4-BA6A-54D45317CA47}
		{2094A04E-4CA0-4FF3-9E19-FB0A9F88F3B9} = {99E2E88C-67B8-4148-A406-1B4F4A8A98DA}
		{498657F6-2A48-4721-AE4D-43814071C472} = {99E2E88C-67B8-4148-A406-1B4F4A8A98DA}
		{9CA5C67C-BE40-479E-9073-13112F7AB732} = {5B32103E-EC77-40D2-99CC-5DE9C8299C41}
		{34335F88-1E4F-493B-B66B-F707E2EC98AD} = {5B32103E-EC77-40D2-99CC-5DE9C8299C41}
	EndGlobalSection
	GlobalSection(ExtensibilityGlobals) = postSolution
		SolutionGuid = {7E938145-EDBD-4DC8-BCFA-00934E3E571F}
	EndGlobalSection
EndGlobal
